
Microsoft Visual Studio Solution File, Format Version 12.00
# Visual Studio Version 17
VisualStudioVersion = 17.14.36109.1 d17.14
MinimumVisualStudioVersion = 10.0.40219.1
Project("{FAE04EC0-301F-11D3-BF4B-00C04F79EFBC}") = "Webshop", "Webshop\Webshop.csproj", "{FBE829B0-FFDC-43CB-9AAB-26515AD33156}"
EndProject
Global
	GlobalSection(SolutionConfigurationPlatforms) = preSolution
		Debug|Any CPU = Debug|Any CPU
		Release|Any CPU = Release|Any CPU
	EndGlobalSection
	GlobalSection(ProjectConfigurationPlatforms) = postSolution
		{FBE829B0-FFDC-43CB-9AAB-26515AD33156}.Debug|Any CPU.ActiveCfg = Debug|Any CPU
		{FBE829B0-FFDC-43CB-9AAB-26515AD33156}.Debug|Any CPU.Build.0 = Debug|Any CPU
		{FBE829B0-FFDC-43CB-9AAB-26515AD33156}.Release|Any CPU.ActiveCfg = Release|Any CPU
		{FBE829B0-FFDC-43CB-9AAB-26515AD33156}.Release|Any CPU.Build.0 = Release|Any CPU
	EndGlobalSection
	GlobalSection(SolutionProperties) = preSolution
		HideSolutionNode = FALSE
	EndGlobalSection
	GlobalSection(ExtensibilityGlobals) = postSolution
		SolutionGuid = {3E925AE2-987D-4F29-9D82-62339865986F}
	EndGlobalSection
EndGlobal
